// !$*UTF8*$!
{
	archiveVersion = 1;
	classes = {
	};
	objectVersion = 46;
	objects = {

/* Begin PBXBuildFile section */
		DC4399DE1976A6AB0020FD67 /* main.c in Sources */ = {isa = PBXBuildFile; fileRef = DC4399DD1976A6AB0020FD67 /* main.c */; };
		DC4399E01976A6AB0020FD67 /* ProgrammingPractice.1 in CopyFiles */ = {isa = PBXBuildFile; fileRef = DC4399DF1976A6AB0020FD67 /* ProgrammingPractice.1 */; };
		DC855756197799E700864A4F /* Address.c in Sources */ = {isa = PBXBuildFile; fileRef = DC855755197799E700864A4F /* Address.c */; };
/* End PBXBuildFile section */

/* Begin PBXCopyFilesBuildPhase section */
		DC4399D81976A6AB0020FD67 /* CopyFiles */ = {
			isa = PBXCopyFilesBuildPhase;
			buildActionMask = 2147483647;
			dstPath = /usr/share/man/man1/;
			dstSubfolderSpec = 0;
			files = (
				DC4399E01976A6AB0020FD67 /* ProgrammingPractice.1 in CopyFiles */,
			);
			runOnlyForDeploymentPostprocessing = 1;
		};
/* End PBXCopyFilesBuildPhase section */

/* Begin PBXFileReference section */
		DC4399DA1976A6AB0020FD67 /* ProgrammingPractice */ = {isa = PBXFileReference; explicitFileType = "compiled.mach-o.executable"; includeInIndex = 0; path = ProgrammingPractice; sourceTree = BUILT_PRODUCTS_DIR; };
		DC4399DD1976A6AB0020FD67 /* main.c */ = {isa = PBXFileReference; lastKnownFileType = sourcecode.c.c; path = main.c; sourceTree = "<group>"; };
		DC4399DF1976A6AB0020FD67 /* ProgrammingPractice.1 */ = {isa = PBXFileReference; lastKnownFileType = text.man; path = ProgrammingPractice.1; sourceTree = "<group>"; };
		DC855755197799E700864A4F /* Address.c */ = {isa = PBXFileReference; fileEncoding = 4; lastKnownFileType = sourcecode.c.c; path = Address.c; sourceTree = "<group>"; };
/* End PBXFileReference section */

/* Begin PBXFrameworksBuildPhase section */
		DC4399D71976A6AB0020FD67 /* Frameworks */ = {
			isa = PBXFrameworksBuildPhase;
			buildActionMask = 2147483647;
			files = (
			);
			runOnlyForDeploymentPostprocessing = 0;
		};
/* End PBXFrameworksBuildPhase section */

/* Begin PBXGroup section */
		DC4399D11976A6AB0020FD67 = {
			isa = PBXGroup;
			children = (
				DC4399DC1976A6AB0020FD67 /* ProgrammingPractice */,
				DC4399DB1976A6AB0020FD67 /* Products */,
			);
			sourceTree = "<group>";
		};
		DC4399DB1976A6AB0020FD67 /* Products */ = {
			isa = PBXGroup;
			children = (
				DC4399DA1976A6AB0020FD67 /* ProgrammingPractice */,
			);
			name = Products;
			sourceTree = "<group>";
		};
		DC4399DC1976A6AB0020FD67 /* ProgrammingPractice */ = {
			isa = PBXGroup;
			children = (
				DC4399DD1976A6AB0020FD67 /* main.c */,
				DC4399DF1976A6AB0020FD67 /* ProgrammingPractice.1 */,
				DC855755197799E700864A4F /* Address.c */,
			);
			path = ProgrammingPractice;
			sourceTree = "<group>";
		};
/* End PBXGroup section */

/* Begin PBXNativeTarget section */
		DC4399D91976A6AB0020FD67 /* ProgrammingPractice */ = {
			isa = PBXNativeTarget;
			buildConfigurationList = DC4399E31976A6AB0020FD67 /* Build configuration list for PBXNativeTarget "ProgrammingPractice" */;
			buildPhases = (
				DC4399D61976A6AB0020FD67 /* Sources */,
				DC4399D71976A6AB0020FD67 /* Frameworks */,
				DC4399D81976A6AB0020FD67 /* CopyFiles */,
			);
			buildRules = (
			);
			dependencies = (
			);
			name = ProgrammingPractice;
			productName = ProgrammingPractice;
			productReference = DC4399DA1976A6AB0020FD67 /* ProgrammingPractice */;
			productType = "com.apple.product-type.tool";
		};
/* End PBXNativeTarget section */

/* Begin PBXProject section */
		DC4399D21976A6AB0020FD67 /* Project object */ = {
			isa = PBXProject;
			attributes = {
				LastUpgradeCheck = 0510;
				ORGANIZATIONNAME = Pooh;
			};
			buildConfigurationList = DC4399D51976A6AB0020FD67 /* Build configuration list for PBXProject "ProgrammingPractice" */;
			compatibilityVersion = "Xcode 3.2";
			developmentRegion = English;
			hasScannedForEncodings = 0;
			knownRegions = (
				en,
			);
			mainGroup = DC4399D11976A6AB0020FD67;
			productRefGroup = DC4399DB1976A6AB0020FD67 /* Products */;
			projectDirPath = "";
			projectRoot = "";
			targets = (
				DC4399D91976A6AB0020FD67 /* ProgrammingPractice */,
			);
		};
/* End PBXProject section */

/* Begin PBXSourcesBuildPhase section */
		DC4399D61976A6AB0020FD67 /* Sources */ = {
			isa = PBXSourcesBuildPhase;
			buildActionMask = 2147483647;
			files = (
				DC855756197799E700864A4F /* Address.c in Sources */,
				DC4399DE1976A6AB0020FD67 /* main.c in Sources */,
			);
			runOnlyForDeploymentPostprocessing = 0;
		};
/* End PBXSourcesBuildPhase section */

/* Begin XCBuildConfiguration section */
		DC4399E11976A6AB0020FD67 /* Debug */ = {
			isa = XCBuildConfiguration;
			buildSettings = {
				ALWAYS_SEARCH_USER_PATHS = NO;
				CLANG_CXX_LANGUAGE_STANDARD = "gnu++0x";
				CLANG_CXX_LIBRARY = "libc++";
				CLANG_ENABLE_MODULES = YES;
				CLANG_ENABLE_OBJC_ARC = YES;
				CLANG_WARN_BOOL_CONVERSION = YES;
				CLANG_WARN_CONSTANT_CONVERSION = YES;
				CLANG_WARN_DIRECT_OBJC_ISA_USAGE = YES_ERROR;
				CLANG_WARN_EMPTY_BODY = YES;
				CLANG_WARN_ENUM_CONVERSION = YES;
				CLANG_WARN_INT_CONVERSION = YES;
				CLANG_WARN_OBJC_ROOT_CLASS = YES_ERROR;
				CLANG_WARN__DUPLICATE_METHOD_MATCH = YES;
				COPY_PHASE_STRIP = NO;
				GCC_C_LANGUAGE_STANDARD = gnu99;
				GCC_DYNAMIC_NO_PIC = NO;
				GCC_ENABLE_OBJC_EXCEPTIONS = YES;
				GCC_OPTIMIZATION_LEVEL = 0;
				GCC_PREPROCESSOR_DEFINITIONS = (
					"DEBUG=1",
					"$(inherited)",
				);
				GCC_SYMBOLS_PRIVATE_EXTERN = NO;
				GCC_WARN_64_TO_32_BIT_CONVERSION = YES;
				GCC_WARN_ABOUT_RETURN_TYPE = YES_ERROR;
				GCC_WARN_UNDECLARED_SELECTOR = YES;
				GCC_WARN_UNINITIALIZED_AUTOS = YES_AGGRESSIVE;
				GCC_WARN_UNUSED_FUNCTION = YES;
				GCC_WARN_UNUSED_VARIABLE = YES;
				MACOSX_DEPLOYMENT_TARGET = 10.9;
				ONLY_ACTIVE_ARCH = YES;
				SDKROOT = macosx;
			};
			name = Debug;
		};
		DC4399E21976A6AB0020FD67 /* Release */ = {
			isa = XCBuildConfiguration;
			buildSettings = {
				ALWAYS_SEARCH_USER_PATHS = NO;
				CLANG_CXX_LANGUAGE_STANDARD = "gnu++0x";
				CLANG_CXX_LIBRARY = "libc++";
				CLANG_ENABLE_MODULES = YES;
				CLANG_ENABLE_OBJC_ARC = YES;
				CLANG_WARN_BOOL_CONVERSION = YES;
				CLANG_WARN_CONSTANT_CONVERSION = YES;
				CLANG_WARN_DIRECT_OBJC_ISA_USAGE = YES_ERROR;
				CLANG_WARN_EMPTY_BODY = YES;
				CLANG_WARN_ENUM_CONVERSION = YES;
				CLANG_WARN_INT_CONVERSION = YES;
				CLANG_WARN_OBJC_ROOT_CLASS = YES_ERROR;
				CLANG_WARN__DUPLICATE_METHOD_MATCH = YES;
				COPY_PHASE_STRIP = YES;
				DEBUG_INFORMATION_FORMAT = "dwarf-with-dsym";
				ENABLE_NS_ASSERTIONS = NO;
				GCC_C_LANGUAGE_STANDARD = gnu99;
				GCC_ENABLE_OBJC_EXCEPTIONS = YES;
				GCC_WARN_64_TO_32_BIT_CONVERSION = YES;
				GCC_WARN_ABOUT_RETURN_TYPE = YES_ERROR;
				GCC_WARN_UNDECLARED_SELECTOR = YES;
				GCC_WARN_UNINITIALIZED_AUTOS = YES_AGGRESSIVE;
				GCC_WARN_UNUSED_FUNCTION = YES;
				GCC_WARN_UNUSED_VARIABLE = YES;
				MACOSX_DEPLOYMENT_TARGET = 10.9;
				SDKROOT = macosx;
			};
			name = Release;
		};
		DC4399E41976A6AB0020FD67 /* Debug */ = {
			isa = XCBuildConfiguration;
			buildSettings = {
				PRODUCT_NAME = "$(TARGET_NAME)";
			};
			name = Debug;
		};
		DC4399E51976A6AB0020FD67 /* Release */ = {
			isa = XCBuildConfiguration;
			buildSettings = {
				PRODUCT_NAME = "$(TARGET_NAME)";
			};
			name = Release;
		};
/* End XCBuildConfiguration section */

/* Begin XCConfigurationList section */
		DC4399D51976A6AB0020FD67 /* Build configuration list for PBXProject "ProgrammingPractice" */ = {
			isa = XCConfigurationList;
			buildConfigurations = (
				DC4399E11976A6AB0020FD67 /* Debug */,
				DC4399E21976A6AB0020FD67 /* Release */,
			);
			defaultConfigurationIsVisible = 0;
			defaultConfigurationName = Release;
		};
		DC4399E31976A6AB0020FD67 /* Build configuration list for PBXNativeTarget "ProgrammingPractice" */ = {
			isa = XCConfigurationList;
			buildConfigurations = (
				DC4399E41976A6AB0020FD67 /* Debug */,
				DC4399E51976A6AB0020FD67 /* Release */,
			);
			defaultConfigurationIsVisible = 0;
			defaultConfigurationName = Release;
		};
/* End XCConfigurationList section */
	};
	rootObject = DC4399D21976A6AB0020FD67 /* Project object */;
}
